
Microsoft Visual Studio Solution File, Format Version 12.00
# Visual Studio Version 17
VisualStudioVersion = 17.11.35312.102
MinimumVisualStudioVersion = 10.0.40219.1
Project("{FAE04EC0-301F-11D3-BF4B-00C04F79EFBC}") = "web programming project", "web programming project\web programming project.csproj", "{F368092C-95D8-42EA-8E3C-FC51BB9B6AD0}"
EndProject
Global
	GlobalSection(SolutionConfigurationPlatforms) = preSolution
		Debug|Any CPU = Debug|Any CPU
		Release|Any CPU = Release|Any CPU
	EndGlobalSection
	GlobalSection(ProjectConfigurationPlatforms) = postSolution
		{F368092C-95D8-42EA-8E3C-FC51BB9B6AD0}.Debug|Any CPU.ActiveCfg = Debug|Any CPU
		{F368092C-95D8-42EA-8E3C-FC51BB9B6AD0}.Debug|Any CPU.Build.0 = Debug|Any CPU
		{F368092C-95D8-42EA-8E3C-FC51BB9B6AD0}.Release|Any CPU.ActiveCfg = Release|Any CPU
		{F368092C-95D8-42EA-8E3C-FC51BB9B6AD0}.Release|Any CPU.Build.0 = Release|Any CPU
	EndGlobalSection
	GlobalSection(SolutionProperties) = preSolution
		HideSolutionNode = FALSE
	EndGlobalSection
	GlobalSection(ExtensibilityGlobals) = postSolution
		SolutionGuid = {3BC195DF-E155-45BA-8B65-C870020052D5}
	EndGlobalSection
EndGlobal
